
Microsoft Visual Studio Solution File, Format Version 12.00
# Visual Studio Version 17
VisualStudioVersion = 17.9.34714.143
MinimumVisualStudioVersion = 10.0.40219.1
Project("{FAE04EC0-301F-11D3-BF4B-00C04F79EFBC}") = "MobileWeather.UWP", "MobileWeather\MobileWeather.UWP\MobileWeather.UWP.csproj", "{AB785FF2-9C1F-48B2-A5F4-06214CE04DEA}"
EndProject
Project("{FAE04EC0-301F-11D3-BF4B-00C04F79EFBC}") = "MobileWeather.Android", "MobileWeather\MobileWeather.Android\MobileWeather.Android.csproj", "{DA070FC3-D5D9-4857-A6FD-67D898295B19}"
EndProject
Project("{FAE04EC0-301F-11D3-BF4B-00C04F79EFBC}") = "MobileWeather.iOS", "MobileWeather\MobileWeather.iOS\MobileWeather.iOS.csproj", "{F814B842-DA50-404E-84A0-B3465E1068C2}"
EndProject
Project("{FAE04EC0-301F-11D3-BF4B-00C04F79EFBC}") = "MobileWeather", "MobileWeather\MobileWeather\MobileWeather.csproj", "{56CCA72D-6CEA-4710-9AF6-B42F9331AEA4}"
EndProject
Global
	GlobalSection(SolutionConfigurationPlatforms) = preSolution
		Debug|Any CPU = Debug|Any CPU
		Debug|ARM = Debug|ARM
		Debug|iPhone = Debug|iPhone
		Debug|iPhoneSimulator = Debug|iPhoneSimulator
		Debug|x64 = Debug|x64
		Debug|x86 = Debug|x86
		Release|Any CPU = Release|Any CPU
		Release|ARM = Release|ARM
		Release|iPhone = Release|iPhone
		Release|iPhoneSimulator = Release|iPhoneSimulator
		Release|x64 = Release|x64
		Release|x86 = Release|x86
	EndGlobalSection
	GlobalSection(ProjectConfigurationPlatforms) = postSolution
		{AB785FF2-9C1F-48B2-A5F4-06214CE04DEA}.Debug|Any CPU.ActiveCfg = Debug|x64
		{AB785FF2-9C1F-48B2-A5F4-06214CE04DEA}.Debug|Any CPU.Build.0 = Debug|x64
		{AB785FF2-9C1F-48B2-A5F4-06214CE04DEA}.Debug|Any CPU.Deploy.0 = Debug|x64
		{AB785FF2-9C1F-48B2-A5F4-06214CE04DEA}.Debug|ARM.ActiveCfg = Debug|ARM
		{AB785FF2-9C1F-48B2-A5F4-06214CE04DEA}.Debug|ARM.Build.0 = Debug|ARM
		{AB785FF2-9C1F-48B2-A5F4-06214CE04DEA}.Debug|ARM.Deploy.0 = Debug|ARM
		{AB785FF2-9C1F-48B2-A5F4-06214CE04DEA}.Debug|iPhone.ActiveCfg = Debug|x64
		{AB785FF2-9C1F-48B2-A5F4-06214CE04DEA}.Debug|iPhone.Build.0 = Debug|x64
		{AB785FF2-9C1F-48B2-A5F4-06214CE04DEA}.Debug|iPhone.Deploy.0 = Debug|x64
		{AB785FF2-9C1F-48B2-A5F4-06214CE04DEA}.Debug|iPhoneSimulator.ActiveCfg = Debug|x64
		{AB785FF2-9C1F-48B2-A5F4-06214CE04DEA}.Debug|iPhoneSimulator.Build.0 = Debug|x64
		{AB785FF2-9C1F-48B2-A5F4-06214CE04DEA}.Debug|iPhoneSimulator.Deploy.0 = Debug|x64
		{AB785FF2-9C1F-48B2-A5F4-06214CE04DEA}.Debug|x64.ActiveCfg = Debug|x64
		{AB785FF2-9C1F-48B2-A5F4-06214CE04DEA}.Debug|x64.Build.0 = Debug|x64
		{AB785FF2-9C1F-48B2-A5F4-06214CE04DEA}.Debug|x64.Deploy.0 = Debug|x64
		{AB785FF2-9C1F-48B2-A5F4-06214CE04DEA}.Debug|x86.ActiveCfg = Debug|x86
		{AB785FF2-9C1F-48B2-A5F4-06214CE04DEA}.Debug|x86.Build.0 = Debug|x86
		{AB785FF2-9C1F-48B2-A5F4-06214CE04DEA}.Debug|x86.Deploy.0 = Debug|x86
		{AB785FF2-9C1F-48B2-A5F4-06214CE04DEA}.Release|Any CPU.ActiveCfg = Release|x64
		{AB785FF2-9C1F-48B2-A5F4-06214CE04DEA}.Release|Any CPU.Build.0 = Release|x64
		{AB785FF2-9C1F-48B2-A5F4-06214CE04DEA}.Release|Any CPU.Deploy.0 = Release|x64
		{AB785FF2-9C1F-48B2-A5F4-06214CE04DEA}.Release|ARM.ActiveCfg = Release|ARM
		{AB785FF2-9C1F-48B2-A5F4-06214CE04DEA}.Release|ARM.Build.0 = Release|ARM
		{AB785FF2-9C1F-48B2-A5F4-06214CE04DEA}.Release|ARM.Deploy.0 = Release|ARM
		{AB785FF2-9C1F-48B2-A5F4-06214CE04DEA}.Release|iPhone.ActiveCfg = Release|x64
		{AB785FF2-9C1F-48B2-A5F4-06214CE04DEA}.Release|iPhone.Build.0 = Release|x64
		{AB785FF2-9C1F-48B2-A5F4-06214CE04DEA}.Release|iPhone.Deploy.0 = Release|x64
		{AB785FF2-9C1F-48B2-A5F4-06214CE04DEA}.Release|iPhoneSimulator.ActiveCfg = Release|x64
		{AB785FF2-9C1F-48B2-A5F4-06214CE04DEA}.Release|iPhoneSimulator.Build.0 = Release|x64
		{AB785FF2-9C1F-48B2-A5F4-06214CE04DEA}.Release|iPhoneSimulator.Deploy.0 = Release|x64
		{AB785FF2-9C1F-48B2-A5F4-06214CE04DEA}.Release|x64.ActiveCfg = Release|x64
		{AB785FF2-9C1F-48B2-A5F4-06214CE04DEA}.Release|x64.Build.0 = Release|x64
		{AB785FF2-9C1F-48B2-A5F4-06214CE04DEA}.Release|x64.Deploy.0 = Release|x64
		{AB785FF2-9C1F-48B2-A5F4-06214CE04DEA}.Release|x86.ActiveCfg = Release|x86
		{AB785FF2-9C1F-48B2-A5F4-06214CE04DEA}.Release|x86.Build.0 = Release|x86
		{AB785FF2-9C1F-48B2-A5F4-06214CE04DEA}.Release|x86.Deploy.0 = Release|x86
		{DA070FC3-D5D9-4857-A6FD-67D898295B19}.Debug|Any CPU.ActiveCfg = Debug|Any CPU
		{DA070FC3-D5D9-4857-A6FD-67D898295B19}.Debug|Any CPU.Build.0 = Debug|Any CPU
		{DA070FC3-D5D9-4857-A6FD-67D898295B19}.Debug|Any CPU.Deploy.0 = Debug|Any CPU
		{DA070FC3-D5D9-4857-A6FD-67D898295B19}.Debug|ARM.ActiveCfg = Debug|Any CPU
		{DA070FC3-D5D9-4857-A6FD-67D898295B19}.Debug|ARM.Build.0 = Debug|Any CPU
		{DA070FC3-D5D9-4857-A6FD-67D898295B19}.Debug|ARM.Deploy.0 = Debug|Any CPU
		{DA070FC3-D5D9-4857-A6FD-67D898295B19}.Debug|iPhone.ActiveCfg = Debug|Any CPU
		{DA070FC3-D5D9-4857-A6FD-67D898295B19}.Debug|iPhone.Build.0 = Debug|Any CPU
		{DA070FC3-D5D9-4857-A6FD-67D898295B19}.Debug|iPhone.Deploy.0 = Debug|Any CPU
		{DA070FC3-D5D9-4857-A6FD-67D898295B19}.Debug|iPhoneSimulator.ActiveCfg = Debug|Any CPU
		{DA070FC3-D5D9-4857-A6FD-67D898295B19}.Debug|iPhoneSimulator.Build.0 = Debug|Any CPU
		{DA070FC3-D5D9-4857-A6FD-67D898295B19}.Debug|iPhoneSimulator.Deploy.0 = Debug|Any CPU
		{DA070FC3-D5D9-4857-A6FD-67D898295B19}.Debug|x64.ActiveCfg = Debug|Any CPU
		{DA070FC3-D5D9-4857-A6FD-67D898295B19}.Debug|x64.Build.0 = Debug|Any CPU
		{DA070FC3-D5D9-4857-A6FD-67D898295B19}.Debug|x64.Deploy.0 = Debug|Any CPU
		{DA070FC3-D5D9-4857-A6FD-67D898295B19}.Debug|x86.ActiveCfg = Debug|Any CPU
		{DA070FC3-D5D9-4857-A6FD-67D898295B19}.Debug|x86.Build.0 = Debug|Any CPU
		{DA070FC3-D5D9-4857-A6FD-67D898295B19}.Debug|x86.Deploy.0 = Debug|Any CPU
		{DA070FC3-D5D9-4857-A6FD-67D898295B19}.Release|Any CPU.ActiveCfg = Release|Any CPU
		{DA070FC3-D5D9-4857-A6FD-67D898295B19}.Release|Any CPU.Build.0 = Release|Any CPU
		{DA070FC3-D5D9-4857-A6FD-67D898295B19}.Release|Any CPU.Deploy.0 = Release|Any CPU
		{DA070FC3-D5D9-4857-A6FD-67D898295B19}.Release|ARM.ActiveCfg = Release|Any CPU
		{DA070FC3-D5D9-4857-A6FD-67D898295B19}.Release|ARM.Build.0 = Release|Any CPU
		{DA070FC3-D5D9-4857-A6FD-67D898295B19}.Release|ARM.Deploy.0 = Release|Any CPU
		{DA070FC3-D5D9-4857-A6FD-67D898295B19}.Release|iPhone.ActiveCfg = Release|Any CPU
		{DA070FC3-D5D9-4857-A6FD-67D898295B19}.Release|iPhone.Build.0 = Release|Any CPU
		{DA070FC3-D5D9-4857-A6FD-67D898295B19}.Release|iPhone.Deploy.0 = Release|Any CPU
		{DA070FC3-D5D9-4857-A6FD-67D898295B19}.Release|iPhoneSimulator.ActiveCfg = Release|Any CPU
		{DA070FC3-D5D9-4857-A6FD-67D898295B19}.Release|iPhoneSimulator.Build.0 = Release|Any CPU
		{DA070FC3-D5D9-4857-A6FD-67D898295B19}.Release|iPhoneSimulator.Deploy.0 = Release|Any CPU
		{DA070FC3-D5D9-4857-A6FD-67D898295B19}.Release|x64.ActiveCfg = Release|Any CPU
		{DA070FC3-D5D9-4857-A6FD-67D898295B19}.Release|x64.Build.0 = Release|Any CPU
		{DA070FC3-D5D9-4857-A6FD-67D898295B19}.Release|x64.Deploy.0 = Release|Any CPU
		{DA070FC3-D5D9-4857-A6FD-67D898295B19}.Release|x86.ActiveCfg = Release|Any CPU
		{DA070FC3-D5D9-4857-A6FD-67D898295B19}.Release|x86.Build.0 = Release|Any CPU
		{DA070FC3-D5D9-4857-A6FD-67D898295B19}.Release|x86.Deploy.0 = Release|Any CPU
		{F814B842-DA50-404E-84A0-B3465E1068C2}.Debug|Any CPU.ActiveCfg = Debug|iPhoneSimulator
		{F814B842-DA50-404E-84A0-B3465E1068C2}.Debug|Any CPU.Build.0 = Debug|iPhoneSimulator
		{F814B842-DA50-404E-84A0-B3465E1068C2}.Debug|Any CPU.Deploy.0 = Debug|iPhoneSimulator
		{F814B842-DA50-404E-84A0-B3465E1068C2}.Debug|ARM.ActiveCfg = Debug|iPhoneSimulator
		{F814B842-DA50-404E-84A0-B3465E1068C2}.Debug|ARM.Build.0 = Debug|iPhoneSimulator
		{F814B842-DA50-404E-84A0-B3465E1068C2}.Debug|ARM.Deploy.0 = Debug|iPhoneSimulator
		{F814B842-DA50-404E-84A0-B3465E1068C2}.Debug|iPhone.ActiveCfg = Debug|iPhone
		{F814B842-DA50-404E-84A0-B3465E1068C2}.Debug|iPhone.Build.0 = Debug|iPhone
		{F814B842-DA50-404E-84A0-B3465E1068C2}.Debug|iPhone.Deploy.0 = Debug|iPhone
		{F814B842-DA50-404E-84A0-B3465E1068C2}.Debug|iPhoneSimulator.ActiveCfg = Debug|iPhoneSimulator
		{F814B842-DA50-404E-84A0-B3465E1068C2}.Debug|iPhoneSimulator.Build.0 = Debug|iPhoneSimulator
		{F814B842-DA50-404E-84A0-B3465E1068C2}.Debug|iPhoneSimulator.Deploy.0 = Debug|iPhoneSimulator
		{F814B842-DA50-404E-84A0-B3465E1068C2}.Debug|x64.ActiveCfg = Debug|iPhone
		{F814B842-DA50-404E-84A0-B3465E1068C2}.Debug|x64.Build.0 = Debug|iPhone
		{F814B842-DA50-404E-84A0-B3465E1068C2}.Debug|x64.Deploy.0 = Debug|iPhone
		{F814B842-DA50-404E-84A0-B3465E1068C2}.Debug|x86.ActiveCfg = Debug|iPhoneSimulator
		{F814B842-DA50-404E-84A0-B3465E1068C2}.Debug|x86.Build.0 = Debug|iPhoneSimulator
		{F814B842-DA50-404E-84A0-B3465E1068C2}.Debug|x86.Deploy.0 = Debug|iPhoneSimulator
		{F814B842-DA50-404E-84A0-B3465E1068C2}.Release|Any CPU.ActiveCfg = Release|iPhoneSimulator
		{F814B842-DA50-404E-84A0-B3465E1068C2}.Release|Any CPU.Build.0 = Release|iPhoneSimulator
		{F814B842-DA50-404E-84A0-B3465E1068C2}.Release|Any CPU.Deploy.0 = Release|iPhoneSimulator
		{F814B842-DA50-404E-84A0-B3465E1068C2}.Release|ARM.ActiveCfg = Release|iPhoneSimulator
		{F814B842-DA50-404E-84A0-B3465E1068C2}.Release|ARM.Build.0 = Release|iPhoneSimulator
		{F814B842-DA50-404E-84A0-B3465E1068C2}.Release|ARM.Deploy.0 = Release|iPhoneSimulator
		{F814B842-DA50-404E-84A0-B3465E1068C2}.Release|iPhone.ActiveCfg = Release|iPhone
		{F814B842-DA50-404E-84A0-B3465E1068C2}.Release|iPhone.Build.0 = Release|iPhone
		{F814B842-DA50-404E-84A0-B3465E1068C2}.Release|iPhone.Deploy.0 = Release|iPhone
		{F814B842-DA50-404E-84A0-B3465E1068C2}.Release|iPhoneSimulator.ActiveCfg = Release|iPhoneSimulator
		{F814B842-DA50-404E-84A0-B3465E1068C2}.Release|iPhoneSimulator.Build.0 = Release|iPhoneSimulator
		{F814B842-DA50-404E-84A0-B3465E1068C2}.Release|iPhoneSimulator.Deploy.0 = Release|iPhoneSimulator
		{F814B842-DA50-404E-84A0-B3465E1068C2}.Release|x64.ActiveCfg = Release|iPhoneSimulator
		{F814B842-DA50-404E-84A0-B3465E1068C2}.Release|x64.Build.0 = Release|iPhoneSimulator
		{F814B842-DA50-404E-84A0-B3465E1068C2}.Release|x64.Deploy.0 = Release|iPhoneSimulator
		{F814B842-DA50-404E-84A0-B3465E1068C2}.Release|x86.ActiveCfg = Release|iPhoneSimulator
		{F814B842-DA50-404E-84A0-B3465E1068C2}.Release|x86.Build.0 = Release|iPhoneSimulator
		{F814B842-DA50-404E-84A0-B3465E1068C2}.Release|x86.Deploy.0 = Release|iPhoneSimulator
		{56CCA72D-6CEA-4710-9AF6-B42F9331AEA4}.Debug|Any CPU.ActiveCfg = Debug|Any CPU
		{56CCA72D-6CEA-4710-9AF6-B42F9331AEA4}.Debug|Any CPU.Build.0 = Debug|Any CPU
		{56CCA72D-6CEA-4710-9AF6-B42F9331AEA4}.Debug|Any CPU.Deploy.0 = Debug|Any CPU
		{56CCA72D-6CEA-4710-9AF6-B42F9331AEA4}.Debug|ARM.ActiveCfg = Debug|Any CPU
		{56CCA72D-6CEA-4710-9AF6-B42F9331AEA4}.Debug|ARM.Build.0 = Debug|Any CPU
		{56CCA72D-6CEA-4710-9AF6-B42F9331AEA4}.Debug|ARM.Deploy.0 = Debug|Any CPU
		{56CCA72D-6CEA-4710-9AF6-B42F9331AEA4}.Debug|iPhone.ActiveCfg = Debug|Any CPU
		{56CCA72D-6CEA-4710-9AF6-B42F9331AEA4}.Debug|iPhone.Build.0 = Debug|Any CPU
		{56CCA72D-6CEA-4710-9AF6-B42F9331AEA4}.Debug|iPhone.Deploy.0 = Debug|Any CPU
		{56CCA72D-6CEA-4710-9AF6-B42F9331AEA4}.Debug|iPhoneSimulator.ActiveCfg = Debug|Any CPU
		{56CCA72D-6CEA-4710-9AF6-B42F9331AEA4}.Debug|iPhoneSimulator.Build.0 = Debug|Any CPU
		{56CCA72D-6CEA-4710-9AF6-B42F9331AEA4}.Debug|iPhoneSimulator.Deploy.0 = Debug|Any CPU
		{56CCA72D-6CEA-4710-9AF6-B42F9331AEA4}.Debug|x64.ActiveCfg = Debug|Any CPU
		{56CCA72D-6CEA-4710-9AF6-B42F9331AEA4}.Debug|x64.Build.0 = Debug|Any CPU
		{56CCA72D-6CEA-4710-9AF6-B42F9331AEA4}.Debug|x64.Deploy.0 = Debug|Any CPU
		{56CCA72D-6CEA-4710-9AF6-B42F9331AEA4}.Debug|x86.ActiveCfg = Debug|Any CPU
		{56CCA72D-6CEA-4710-9AF6-B42F9331AEA4}.Debug|x86.Build.0 = Debug|Any CPU
		{56CCA72D-6CEA-4710-9AF6-B42F9331AEA4}.Debug|x86.Deploy.0 = Debug|Any CPU
		{56CCA72D-6CEA-4710-9AF6-B42F9331AEA4}.Release|Any CPU.ActiveCfg = Release|Any CPU
		{56CCA72D-6CEA-4710-9AF6-B42F9331AEA4}.Release|Any CPU.Build.0 = Release|Any CPU
		{56CCA72D-6CEA-4710-9AF6-B42F9331AEA4}.Release|Any CPU.Deploy.0 = Release|Any CPU
		{56CCA72D-6CEA-4710-9AF6-B42F9331AEA4}.Release|ARM.ActiveCfg = Release|Any CPU
		{56CCA72D-6CEA-4710-9AF6-B42F9331AEA4}.Release|ARM.Build.0 = Release|Any CPU
		{56CCA72D-6CEA-4710-9AF6-B42F9331AEA4}.Release|ARM.Deploy.0 = Release|Any CPU
		{56CCA72D-6CEA-4710-9AF6-B42F9331AEA4}.Release|iPhone.ActiveCfg = Release|Any CPU
		{56CCA72D-6CEA-4710-9AF6-B42F9331AEA4}.Release|iPhone.Build.0 = Release|Any CPU
		{56CCA72D-6CEA-4710-9AF6-B42F9331AEA4}.Release|iPhone.Deploy.0 = Release|Any CPU
		{56CCA72D-6CEA-4710-9AF6-B42F9331AEA4}.Release|iPhoneSimulator.ActiveCfg = Release|Any CPU
		{56CCA72D-6CEA-4710-9AF6-B42F9331AEA4}.Release|iPhoneSimulator.Build.0 = Release|Any CPU
		{56CCA72D-6CEA-4710-9AF6-B42F9331AEA4}.Release|iPhoneSimulator.Deploy.0 = Release|Any CPU
		{56CCA72D-6CEA-4710-9AF6-B42F9331AEA4}.Release|x64.ActiveCfg = Release|Any CPU
		{56CCA72D-6CEA-4710-9AF6-B42F9331AEA4}.Release|x64.Build.0 = Release|Any CPU
		{56CCA72D-6CEA-4710-9AF6-B42F9331AEA4}.Release|x64.Deploy.0 = Release|Any CPU
		{56CCA72D-6CEA-4710-9AF6-B42F9331AEA4}.Release|x86.ActiveCfg = Release|Any CPU
		{56CCA72D-6CEA-4710-9AF6-B42F9331AEA4}.Release|x86.Build.0 = Release|Any CPU
		{56CCA72D-6CEA-4710-9AF6-B42F9331AEA4}.Release|x86.Deploy.0 = Release|Any CPU
	EndGlobalSection
	GlobalSection(SolutionProperties) = preSolution
		HideSolutionNode = FALSE
	EndGlobalSection
	GlobalSection(ExtensibilityGlobals) = postSolution
		SolutionGuid = {6B550A74-709C-40E8-B6EC-97E2EF711D60}
	EndGlobalSection
EndGlobal
